<?xml version="1.0" encoding="UTF-8"?>
<Scheme
   LastUpgradeVersion = "1010"
   version = "1.3">
   <BuildAction
      parallelizeBuildables = "YES"
      buildImplicitDependencies = "YES">
      <BuildActionEntries>
         <BuildActionEntry
            buildForTesting = "YES"
            buildForRunning = "YES"
            buildForProfiling = "YES"
            buildForArchiving = "YES"
            buildForAnalyzing = "YES">
            <BuildableReference
               BuildableIdentifier = "primary"
               BlueprintIdentifier = "DC77BAB6111F13B1BAB2A74A"
               BuildableName = "libAlbumDetailFeature.a"
               BlueprintName = "AlbumDetailFeature"
               ReferencedContainer = "container:Projects/Feature/AlbumDetailFeature/AlbumDetailFeature.xcodeproj">
            </BuildableReference>
         </BuildActionEntry>
         <BuildActionEntry
            buildForTesting = "YES"
            buildForRunning = "YES"
            buildForProfiling = "YES"
            buildForArchiving = "YES"
            buildForAnalyzing = "YES">
            <BuildableReference
               BuildableIdentifier = "primary"
               BlueprintIdentifier = "08FDB962142B34FD0E72C9FD"
               BuildableName = "AlbumDetailFeatureDemo.app"
               BlueprintName = "AlbumDetailFeatureDemo"
               ReferencedContainer = "container:Projects/Feature/AlbumDetailFeature/AlbumDetailFeature.xcodeproj">
            </BuildableReference>
         </BuildActionEntry>
         <BuildActionEntry
            buildForTesting = "YES"
            buildForRunning = "YES"
            buildForProfiling = "YES"
            buildForArchiving = "YES"
            buildForAnalyzing = "YES">
            <BuildableReference
               BuildableIdentifier = "primary"
               BlueprintIdentifier = "1223070C319FC4D8236EB522"
               BuildableName = "AlbumDetailFeatureInterface.framework"
               BlueprintName = "AlbumDetailFeatureInterface"
               ReferencedContainer = "container:Projects/Feature/AlbumDetailFeature/AlbumDetailFeature.xcodeproj">
            </BuildableReference>
         </BuildActionEntry>
         <BuildActionEntry
            buildForTesting = "YES"
            buildForRunning = "YES"
            buildForProfiling = "YES"
            buildForArchiving = "YES"
            buildForAnalyzing = "YES">
            <BuildableReference
               BuildableIdentifier = "primary"
               BlueprintIdentifier = "EF6715F46EFCDB84D32A5A9E"
               BuildableName = "AlbumDetailFeatureTesting.framework"
               BlueprintName = "AlbumDetailFeatureTesting"
               ReferencedContainer = "container:Projects/Feature/AlbumDetailFeature/AlbumDetailFeature.xcodeproj">
            </BuildableReference>
         </BuildActionEntry>
         <BuildActionEntry
            buildForTesting = "YES"
            buildForRunning = "YES"
            buildForProfiling = "YES"
            buildForArchiving = "YES"
            buildForAnalyzing = "YES">
            <BuildableReference
               BuildableIdentifier = "primary"
               BlueprintIdentifier = "B7B2333D49E28B4208C0AC2F"
               BuildableName = "AlbumDetailFeatureTests.xctest"
               BlueprintName = "AlbumDetailFeatureTests"
               ReferencedContainer = "container:Projects/Feature/AlbumDetailFeature/AlbumDetailFeature.xcodeproj">
            </BuildableReference>
         </BuildActionEntry>
         <BuildActionEntry
            buildForTesting = "YES"
            buildForRunning = "YES"
            buildForProfiling = "YES"
            buildForArchiving = "YES"
            buildForAnalyzing = "YES">
            <BuildableReference
               BuildableIdentifier = "primary"
               BlueprintIdentifier = "BAC8F20D2CAD9F0A2257AFFE"
               BuildableName = "libAlbumsFeature.a"
               BlueprintName = "AlbumsFeature"
               ReferencedContainer = "container:Projects/Feature/AlbumsFeature/AlbumsFeature.xcodeproj">
            </BuildableReference>
         </BuildActionEntry>
         <BuildActionEntry
            buildForTesting = "YES"
            buildForRunning = "YES"
            buildForProfiling = "YES"
            buildForArchiving = "YES"
            buildForAnalyzing = "YES">
            <BuildableReference
               BuildableIdentifier = "primary"
               BlueprintIdentifier = "D5068914234CBF504F85D840"
               BuildableName = "AlbumsFeatureDemo.app"
               BlueprintName = "AlbumsFeatureDemo"
               ReferencedContainer = "container:Projects/Feature/AlbumsFeature/AlbumsFeature.xcodeproj">
            </BuildableReference>
         </BuildActionEntry>
         <BuildActionEntry
            buildForTesting = "YES"
            buildForRunning = "YES"
            buildForProfiling = "YES"
            buildForArchiving = "YES"
            buildForAnalyzing = "YES">
            <BuildableReference
               BuildableIdentifier = "primary"
               BlueprintIdentifier = "224CF8FEEBC5DB9D4CB78D3A"
               BuildableName = "AlbumsFeatureInterface.framework"
               BlueprintName = "AlbumsFeatureInterface"
               ReferencedContainer = "container:Projects/Feature/AlbumsFeature/AlbumsFeature.xcodeproj">
            </BuildableReference>
         </BuildActionEntry>
         <BuildActionEntry
            buildForTesting = "YES"
            buildForRunning = "YES"
            buildForProfiling = "YES"
            buildForArchiving = "YES"
            buildForAnalyzing = "YES">
            <BuildableReference
               BuildableIdentifier = "primary"
               BlueprintIdentifier = "F653AC357CBDB4B69BB3220F"
               BuildableName = "AlbumsFeatureTesting.framework"
               BlueprintName = "AlbumsFeatureTesting"
               ReferencedContainer = "container:Projects/Feature/AlbumsFeature/AlbumsFeature.xcodeproj">
            </BuildableReference>
         </BuildActionEntry>
         <BuildActionEntry
            buildForTesting = "YES"
            buildForRunning = "YES"
            buildForProfiling = "YES"
            buildForArchiving = "YES"
            buildForAnalyzing = "YES">
            <BuildableReference
               BuildableIdentifier = "primary"
               BlueprintIdentifier = "DF4769619460A7F2401E369A"
               BuildableName = "AlbumsFeatureTests.xctest"
               BlueprintName = "AlbumsFeatureTests"
               ReferencedContainer = "container:Projects/Feature/AlbumsFeature/AlbumsFeature.xcodeproj">
            </BuildableReference>
         </BuildActionEntry>
         <BuildActionEntry
            buildForTesting = "YES"
            buildForRunning = "YES"
            buildForProfiling = "YES"
            buildForArchiving = "YES"
            buildForAnalyzing = "YES">
            <BuildableReference
               BuildableIdentifier = "primary"
               BlueprintIdentifier = "F4D1B67A20EB13564617513A"
               BuildableName = "libBaseDomain.a"
               BlueprintName = "BaseDomain"
               ReferencedContainer = "container:Projects/Domain/BaseDomain/BaseDomain.xcodeproj">
            </BuildableReference>
         </BuildActionEntry>
         <BuildActionEntry
            buildForTesting = "YES"
            buildForRunning = "YES"
            buildForProfiling = "YES"
            buildForArchiving = "YES"
            buildForAnalyzing = "YES">
            <BuildableReference
               BuildableIdentifier = "primary"
               BlueprintIdentifier = "D3E314B387FD8B34A15E37AD"
               BuildableName = "libBaseFeature.a"
               BlueprintName = "BaseFeature"
               ReferencedContainer = "container:Projects/Feature/BaseFeature/BaseFeature.xcodeproj">
            </BuildableReference>
         </BuildActionEntry>
         <BuildActionEntry
            buildForTesting = "YES"
            buildForRunning = "YES"
            buildForProfiling = "YES"
            buildForArchiving = "YES"
            buildForAnalyzing = "YES">
            <BuildableReference
               BuildableIdentifier = "primary"
               BlueprintIdentifier = "0FEFEAAB06885A67C6A5580A"
               BuildableName = "BaseFeatureTests.xctest"
               BlueprintName = "BaseFeatureTests"
               ReferencedContainer = "container:Projects/Feature/BaseFeature/BaseFeature.xcodeproj">
            </BuildableReference>
         </BuildActionEntry>
         <BuildActionEntry
            buildForTesting = "YES"
            buildForRunning = "YES"
            buildForProfiling = "YES"
            buildForArchiving = "YES"
            buildForAnalyzing = "YES">
            <BuildableReference
               BuildableIdentifier = "primary"
               BlueprintIdentifier = "7CB5E98E45FAAF594F8A0F1E"
               BuildableName = "CasePaths.framework"
               BlueprintName = "CasePaths"
               ReferencedContainer = "container:.build/tuist-derived/swift-case-paths/swift-case-paths.xcodeproj">
            </BuildableReference>
         </BuildActionEntry>
         <BuildActionEntry
            buildForTesting = "YES"
            buildForRunning = "YES"
            buildForProfiling = "YES"
            buildForArchiving = "YES"
            buildForAnalyzing = "YES">
            <BuildableReference
               BuildableIdentifier = "primary"
               BlueprintIdentifier = "84B59B5B47BB30629F561CC9"
               BuildableName = "CasePathsCore.framework"
               BlueprintName = "CasePathsCore"
               ReferencedContainer = "container:.build/tuist-derived/swift-case-paths/swift-case-paths.xcodeproj">
            </BuildableReference>
         </BuildActionEntry>
         <BuildActionEntry
            buildForTesting = "YES"
            buildForRunning = "YES"
            buildForProfiling = "YES"
            buildForArchiving = "YES"
            buildForAnalyzing = "YES">
            <BuildableReference
               BuildableIdentifier = "primary"
               BlueprintIdentifier = "DBD1C6C6B55C0106C2711D38"
               BuildableName = "CasePathsMacros"
               BlueprintName = "CasePathsMacros"
               ReferencedContainer = "container:.build/tuist-derived/swift-case-paths/swift-case-paths.xcodeproj">
            </BuildableReference>
         </BuildActionEntry>
         <BuildActionEntry
            buildForTesting = "YES"
            buildForRunning = "YES"
            buildForProfiling = "YES"
            buildForArchiving = "YES"
            buildForAnalyzing = "YES">
            <BuildableReference
               BuildableIdentifier = "primary"
               BlueprintIdentifier = "A1DFC045089F7370FF821C6F"
               BuildableName = "Clocks.framework"
               BlueprintName = "Clocks"
               ReferencedContainer = "container:.build/tuist-derived/swift-clocks/swift-clocks.xcodeproj">
            </BuildableReference>
         </BuildActionEntry>
         <BuildActionEntry
            buildForTesting = "YES"
            buildForRunning = "YES"
            buildForProfiling = "YES"
            buildForArchiving = "YES"
            buildForAnalyzing = "YES">
            <BuildableReference
               BuildableIdentifier = "primary"
               BlueprintIdentifier = "62E835EE2C76720CE1A57783"
               BuildableName = "CombineSchedulers.framework"
               BlueprintName = "CombineSchedulers"
               ReferencedContainer = "container:.build/tuist-derived/combine-schedulers/combine-schedulers.xcodeproj">
            </BuildableReference>
         </BuildActionEntry>
         <BuildActionEntry
            buildForTesting = "YES"
            buildForRunning = "YES"
            buildForProfiling = "YES"
            buildForArchiving = "YES"
            buildForAnalyzing = "YES">
            <BuildableReference
               BuildableIdentifier = "primary"
               BlueprintIdentifier = "BC4117F08C3E566F28BA80F7"
               BuildableName = "ComposableArchitecture.framework"
               BlueprintName = "ComposableArchitecture"
               ReferencedContainer = "container:.build/tuist-derived/swift-composable-architecture/swift-composable-architecture.xcodeproj">
            </BuildableReference>
         </BuildActionEntry>
         <BuildActionEntry
            buildForTesting = "YES"
            buildForRunning = "YES"
            buildForProfiling = "YES"
            buildForArchiving = "YES"
            buildForAnalyzing = "YES">
            <BuildableReference
               BuildableIdentifier = "primary"
               BlueprintIdentifier = "AE906E2A067FA0ACAD789F11"
               BuildableName = "ComposableArchitectureMacros"
               BlueprintName = "ComposableArchitectureMacros"
               ReferencedContainer = "container:.build/tuist-derived/swift-composable-architecture/swift-composable-architecture.xcodeproj">
            </BuildableReference>
         </BuildActionEntry>
         <BuildActionEntry
            buildForTesting = "YES"
            buildForRunning = "YES"
            buildForProfiling = "YES"
            buildForArchiving = "YES"
            buildForAnalyzing = "YES">
            <BuildableReference
               BuildableIdentifier = "primary"
               BlueprintIdentifier = "FB5353CF964F76EE56056930"
               BuildableName = "ConcurrencyExtras.framework"
               BlueprintName = "ConcurrencyExtras"
               ReferencedContainer = "container:.build/tuist-derived/swift-concurrency-extras/swift-concurrency-extras.xcodeproj">
            </BuildableReference>
         </BuildActionEntry>
         <BuildActionEntry
            buildForTesting = "YES"
            buildForRunning = "YES"
            buildForProfiling = "YES"
            buildForArchiving = "YES"
            buildForAnalyzing = "YES">
            <BuildableReference
               BuildableIdentifier = "primary"
               BlueprintIdentifier = "5D71332DAEA508F122BB62C1"
               BuildableName = "CustomDump.framework"
               BlueprintName = "CustomDump"
               ReferencedContainer = "container:.build/tuist-derived/swift-custom-dump/swift-custom-dump.xcodeproj">
            </BuildableReference>
         </BuildActionEntry>
         <BuildActionEntry
            buildForTesting = "YES"
            buildForRunning = "YES"
            buildForProfiling = "YES"
            buildForArchiving = "YES"
            buildForAnalyzing = "YES">
            <BuildableReference
               BuildableIdentifier = "primary"
               BlueprintIdentifier = "56E5E7D15D17320671D69B9C"
               BuildableName = "Dependencies.framework"
               BlueprintName = "Dependencies"
               ReferencedContainer = "container:.build/tuist-derived/swift-dependencies/swift-dependencies.xcodeproj">
            </BuildableReference>
         </BuildActionEntry>
         <BuildActionEntry
            buildForTesting = "YES"
            buildForRunning = "YES"
            buildForProfiling = "YES"
            buildForArchiving = "YES"
            buildForAnalyzing = "YES">
            <BuildableReference
               BuildableIdentifier = "primary"
               BlueprintIdentifier = "E7F33AB21A26F4B64244D7FD"
               BuildableName = "DependenciesMacros.framework"
               BlueprintName = "DependenciesMacros"
               ReferencedContainer = "container:.build/tuist-derived/swift-dependencies/swift-dependencies.xcodeproj">
            </BuildableReference>
         </BuildActionEntry>
         <BuildActionEntry
            buildForTesting = "YES"
            buildForRunning = "YES"
            buildForProfiling = "YES"
            buildForArchiving = "YES"
            buildForAnalyzing = "YES">
            <BuildableReference
               BuildableIdentifier = "primary"
               BlueprintIdentifier = "B6C2866B4487873862C7B958"
               BuildableName = "DependenciesMacrosPlugin"
               BlueprintName = "DependenciesMacrosPlugin"
               ReferencedContainer = "container:.build/tuist-derived/swift-dependencies/swift-dependencies.xcodeproj">
            </BuildableReference>
         </BuildActionEntry>
         <BuildActionEntry
            buildForTesting = "YES"
            buildForRunning = "YES"
            buildForProfiling = "YES"
            buildForArchiving = "YES"
            buildForAnalyzing = "YES">
            <BuildableReference
               BuildableIdentifier = "primary"
               BlueprintIdentifier = "83C9B5D1938C22907FF6E247"
               BuildableName = "DesignSystem.framework"
               BlueprintName = "DesignSystem"
               ReferencedContainer = "container:Projects/UserInterface/DesignSystem/DesignSystem.xcodeproj">
            </BuildableReference>
         </BuildActionEntry>
         <BuildActionEntry
            buildForTesting = "YES"
            buildForRunning = "YES"
            buildForProfiling = "YES"
            buildForArchiving = "YES"
            buildForAnalyzing = "YES">
            <BuildableReference
               BuildableIdentifier = "primary"
               BlueprintIdentifier = "64DAAC389D348944D37C8584"
               BuildableName = "DesignSystemDemo.app"
               BlueprintName = "DesignSystemDemo"
               ReferencedContainer = "container:Projects/UserInterface/DesignSystem/DesignSystem.xcodeproj">
            </BuildableReference>
         </BuildActionEntry>
         <BuildActionEntry
            buildForTesting = "YES"
            buildForRunning = "YES"
            buildForProfiling = "YES"
            buildForArchiving = "YES"
            buildForAnalyzing = "YES">
            <BuildableReference
               BuildableIdentifier = "primary"
               BlueprintIdentifier = "E7219A64E70DCA7A233E1E7E"
               BuildableName = "GlobalThirdPartyLibrary.framework"
               BlueprintName = "GlobalThirdPartyLibrary"
               ReferencedContainer = "container:Projects/Shared/GlobalThirdPartyLibrary/GlobalThirdPartyLibrary.xcodeproj">
            </BuildableReference>
         </BuildActionEntry>
         <BuildActionEntry
            buildForTesting = "YES"
            buildForRunning = "YES"
            buildForProfiling = "YES"
            buildForArchiving = "YES"
            buildForAnalyzing = "YES">
            <BuildableReference
               BuildableIdentifier = "primary"
               BlueprintIdentifier = "210AE3919E1578F6373794C3"
               BuildableName = "IdentifiedCollections.framework"
               BlueprintName = "IdentifiedCollections"
               ReferencedContainer = "container:.build/tuist-derived/swift-identified-collections/swift-identified-collections.xcodeproj">
            </BuildableReference>
         </BuildActionEntry>
         <BuildActionEntry
            buildForTesting = "YES"
            buildForRunning = "YES"
            buildForProfiling = "YES"
            buildForArchiving = "YES"
            buildForAnalyzing = "YES">
            <BuildableReference
               BuildableIdentifier = "primary"
               BlueprintIdentifier = "6A7B38BD8A72F03E40DC88E0"
               BuildableName = "InternalCollectionsUtilities.framework"
               BlueprintName = "InternalCollectionsUtilities"
               ReferencedContainer = "container:.build/tuist-derived/swift-collections/swift-collections.xcodeproj">
            </BuildableReference>
         </BuildActionEntry>
         <BuildActionEntry
            buildForTesting = "YES"
            buildForRunning = "YES"
            buildForProfiling = "YES"
            buildForArchiving = "YES"
            buildForAnalyzing = "YES">
            <BuildableReference
               BuildableIdentifier = "primary"
               BlueprintIdentifier = "310D0AA95300B4409ADF885D"
               BuildableName = "IssueReporting.framework"
               BlueprintName = "IssueReporting"
               ReferencedContainer = "container:.build/tuist-derived/xctest-dynamic-overlay/xctest-dynamic-overlay.xcodeproj">
            </BuildableReference>
         </BuildActionEntry>
         <BuildActionEntry
            buildForTesting = "YES"
            buildForRunning = "YES"
            buildForProfiling = "YES"
            buildForArchiving = "YES"
            buildForAnalyzing = "YES">
            <BuildableReference
               BuildableIdentifier = "primary"
               BlueprintIdentifier = "AFD99B54A57CF77BB4E36CDA"
               BuildableName = "libMediaKit.a"
               BlueprintName = "MediaKit"
               ReferencedContainer = "container:Projects/Core/MediaKit/MediaKit.xcodeproj">
            </BuildableReference>
         </BuildActionEntry>
         <BuildActionEntry
            buildForTesting = "YES"
            buildForRunning = "YES"
            buildForProfiling = "YES"
            buildForArchiving = "YES"
            buildForAnalyzing = "YES">
            <BuildableReference
               BuildableIdentifier = "primary"
               BlueprintIdentifier = "4352084A46179B7766873F72"
               BuildableName = "MediaKitInterface.framework"
               BlueprintName = "MediaKitInterface"
               ReferencedContainer = "container:Projects/Core/MediaKit/MediaKit.xcodeproj">
            </BuildableReference>
         </BuildActionEntry>
         <BuildActionEntry
            buildForTesting = "YES"
            buildForRunning = "YES"
            buildForProfiling = "YES"
            buildForArchiving = "YES"
            buildForAnalyzing = "YES">
            <BuildableReference
               BuildableIdentifier = "primary"
               BlueprintIdentifier = "49372C15B1A433334B2383B3"
               BuildableName = "Music_Player.app"
               BlueprintName = "Music-Player"
               ReferencedContainer = "container:Projects/App/Music-Player.xcodeproj">
            </BuildableReference>
         </BuildActionEntry>
         <BuildActionEntry
            buildForTesting = "YES"
            buildForRunning = "YES"
            buildForProfiling = "YES"
            buildForArchiving = "YES"
            buildForAnalyzing = "YES">
            <BuildableReference
               BuildableIdentifier = "primary"
               BlueprintIdentifier = "200FA9DA7787FC73C93DAED0"
               BuildableName = "libMusicDomain.a"
               BlueprintName = "MusicDomain"
               ReferencedContainer = "container:Projects/Domain/MusicDomain/MusicDomain.xcodeproj">
            </BuildableReference>
         </BuildActionEntry>
         <BuildActionEntry
            buildForTesting = "YES"
            buildForRunning = "YES"
            buildForProfiling = "YES"
            buildForArchiving = "YES"
            buildForAnalyzing = "YES">
            <BuildableReference
               BuildableIdentifier = "primary"
               BlueprintIdentifier = "F593A841674E3F0578197383"
               BuildableName = "MusicDomainInterface.framework"
               BlueprintName = "MusicDomainInterface"
               ReferencedContainer = "container:Projects/Domain/MusicDomain/MusicDomain.xcodeproj">
            </BuildableReference>
         </BuildActionEntry>
         <BuildActionEntry
            buildForTesting = "YES"
            buildForRunning = "YES"
            buildForProfiling = "YES"
            buildForArchiving = "YES"
            buildForAnalyzing = "YES">
            <BuildableReference
               BuildableIdentifier = "primary"
               BlueprintIdentifier = "2F3BFA8C2619A51F3D852DD5"
               BuildableName = "MusicDomainTesting.framework"
               BlueprintName = "MusicDomainTesting"
               ReferencedContainer = "container:Projects/Domain/MusicDomain/MusicDomain.xcodeproj">
            </BuildableReference>
         </BuildActionEntry>
         <BuildActionEntry
            buildForTesting = "YES"
            buildForRunning = "YES"
            buildForProfiling = "YES"
            buildForArchiving = "YES"
            buildForAnalyzing = "YES">
            <BuildableReference
               BuildableIdentifier = "primary"
               BlueprintIdentifier = "9A28F79429EBABEFB024D308"
               BuildableName = "MusicDomainTests.xctest"
               BlueprintName = "MusicDomainTests"
               ReferencedContainer = "container:Projects/Domain/MusicDomain/MusicDomain.xcodeproj">
            </BuildableReference>
         </BuildActionEntry>
         <BuildActionEntry
            buildForTesting = "YES"
            buildForRunning = "YES"
            buildForProfiling = "YES"
            buildForArchiving = "YES"
            buildForAnalyzing = "YES">
            <BuildableReference
               BuildableIdentifier = "primary"
               BlueprintIdentifier = "E07053DCBDB7F16C14688195"
               BuildableName = "OrderedCollections.framework"
               BlueprintName = "OrderedCollections"
               ReferencedContainer = "container:.build/tuist-derived/swift-collections/swift-collections.xcodeproj">
            </BuildableReference>
         </BuildActionEntry>
         <BuildActionEntry
            buildForTesting = "YES"
            buildForRunning = "YES"
            buildForProfiling = "YES"
            buildForArchiving = "YES"
            buildForAnalyzing = "YES">
            <BuildableReference
               BuildableIdentifier = "primary"
               BlueprintIdentifier = "D87A673CA6042584AEA9877A"
               BuildableName = "Perception.framework"
               BlueprintName = "Perception"
               ReferencedContainer = "container:.build/tuist-derived/swift-perception/swift-perception.xcodeproj">
            </BuildableReference>
         </BuildActionEntry>
         <BuildActionEntry
            buildForTesting = "YES"
            buildForRunning = "YES"
            buildForProfiling = "YES"
            buildForArchiving = "YES"
            buildForAnalyzing = "YES">
            <BuildableReference
               BuildableIdentifier = "primary"
               BlueprintIdentifier = "3F957B3DA27BBE08A5EF7DDF"
               BuildableName = "PerceptionCore.framework"
               BlueprintName = "PerceptionCore"
               ReferencedContainer = "container:.build/tuist-derived/swift-perception/swift-perception.xcodeproj">
            </BuildableReference>
         </BuildActionEntry>
         <BuildActionEntry
            buildForTesting = "YES"
            buildForRunning = "YES"
            buildForProfiling = "YES"
            buildForArchiving = "YES"
            buildForAnalyzing = "YES">
            <BuildableReference
               BuildableIdentifier = "primary"
               BlueprintIdentifier = "FEF8F0119F315E02A6904938"
               BuildableName = "PerceptionMacros"
               BlueprintName = "PerceptionMacros"
               ReferencedContainer = "container:.build/tuist-derived/swift-perception/swift-perception.xcodeproj">
            </BuildableReference>
         </BuildActionEntry>
         <BuildActionEntry
            buildForTesting = "YES"
            buildForRunning = "YES"
            buildForProfiling = "YES"
            buildForArchiving = "YES"
            buildForAnalyzing = "YES">
            <BuildableReference
               BuildableIdentifier = "primary"
               BlueprintIdentifier = "B37A069BE24E79E85D5AECCC"
               BuildableName = "libPlayerDomain.a"
               BlueprintName = "PlayerDomain"
               ReferencedContainer = "container:Projects/Domain/PlayerDomain/PlayerDomain.xcodeproj">
            </BuildableReference>
         </BuildActionEntry>
         <BuildActionEntry
            buildForTesting = "YES"
            buildForRunning = "YES"
            buildForProfiling = "YES"
            buildForArchiving = "YES"
            buildForAnalyzing = "YES">
            <BuildableReference
               BuildableIdentifier = "primary"
               BlueprintIdentifier = "CD344A8109CE07910B3B87FD"
               BuildableName = "PlayerDomainInterface.framework"
               BlueprintName = "PlayerDomainInterface"
               ReferencedContainer = "container:Projects/Domain/PlayerDomain/PlayerDomain.xcodeproj">
            </BuildableReference>
         </BuildActionEntry>
         <BuildActionEntry
            buildForTesting = "YES"
            buildForRunning = "YES"
            buildForProfiling = "YES"
            buildForArchiving = "YES"
            buildForAnalyzing = "YES">
            <BuildableReference
               BuildableIdentifier = "primary"
               BlueprintIdentifier = "5F1D6BF54BB1D2B0ED564B0A"
               BuildableName = "PlayerDomainTesting.framework"
               BlueprintName = "PlayerDomainTesting"
               ReferencedContainer = "container:Projects/Domain/PlayerDomain/PlayerDomain.xcodeproj">
            </BuildableReference>
         </BuildActionEntry>
         <BuildActionEntry
            buildForTesting = "YES"
            buildForRunning = "YES"
            buildForProfiling = "YES"
            buildForArchiving = "YES"
            buildForAnalyzing = "YES">
            <BuildableReference
               BuildableIdentifier = "primary"
               BlueprintIdentifier = "C6E5DC234C7EEED90616C370"
               BuildableName = "PlayerDomainTests.xctest"
               BlueprintName = "PlayerDomainTests"
               ReferencedContainer = "container:Projects/Domain/PlayerDomain/PlayerDomain.xcodeproj">
            </BuildableReference>
         </BuildActionEntry>
         <BuildActionEntry
            buildForTesting = "YES"
            buildForRunning = "YES"
            buildForProfiling = "YES"
            buildForArchiving = "YES"
            buildForAnalyzing = "YES">
            <BuildableReference
               BuildableIdentifier = "primary"
               BlueprintIdentifier = "114FBD9E0C8A1E594FBAE26F"
               BuildableName = "SwiftBasicFormat.framework"
               BlueprintName = "SwiftBasicFormat"
               ReferencedContainer = "container:.build/tuist-derived/swift-syntax/swift-syntax.xcodeproj">
            </BuildableReference>
         </BuildActionEntry>
         <BuildActionEntry
            buildForTesting = "YES"
            buildForRunning = "YES"
            buildForProfiling = "YES"
            buildForArchiving = "YES"
            buildForAnalyzing = "YES">
            <BuildableReference
               BuildableIdentifier = "primary"
               BlueprintIdentifier = "BAA2DFDEB950C2DAB26247A4"
               BuildableName = "SwiftCompilerPlugin.framework"
               BlueprintName = "SwiftCompilerPlugin"
               ReferencedContainer = "container:.build/tuist-derived/swift-syntax/swift-syntax.xcodeproj">
            </BuildableReference>
         </BuildActionEntry>
         <BuildActionEntry
            buildForTesting = "YES"
            buildForRunning = "YES"
            buildForProfiling = "YES"
            buildForArchiving = "YES"
            buildForAnalyzing = "YES">
            <BuildableReference
               BuildableIdentifier = "primary"
               BlueprintIdentifier = "E93ACA4C8B15E51B05C2F61D"
               BuildableName = "SwiftCompilerPluginMessageHandling.framework"
               BlueprintName = "SwiftCompilerPluginMessageHandling"
               ReferencedContainer = "container:.build/tuist-derived/swift-syntax/swift-syntax.xcodeproj">
            </BuildableReference>
         </BuildActionEntry>
         <BuildActionEntry
            buildForTesting = "YES"
            buildForRunning = "YES"
            buildForProfiling = "YES"
            buildForArchiving = "YES"
            buildForAnalyzing = "YES">
            <BuildableReference
               BuildableIdentifier = "primary"
               BlueprintIdentifier = "748FFC58591037186F21E4AF"
               BuildableName = "SwiftDiagnostics.framework"
               BlueprintName = "SwiftDiagnostics"
               ReferencedContainer = "container:.build/tuist-derived/swift-syntax/swift-syntax.xcodeproj">
            </BuildableReference>
         </BuildActionEntry>
         <BuildActionEntry
            buildForTesting = "YES"
            buildForRunning = "YES"
            buildForProfiling = "YES"
            buildForArchiving = "YES"
            buildForAnalyzing = "YES">
            <BuildableReference
               BuildableIdentifier = "primary"
               BlueprintIdentifier = "B81054C7484CA28454D8B4CE"
               BuildableName = "SwiftOperators.framework"
               BlueprintName = "SwiftOperators"
               ReferencedContainer = "container:.build/tuist-derived/swift-syntax/swift-syntax.xcodeproj">
            </BuildableReference>
         </BuildActionEntry>
         <BuildActionEntry
            buildForTesting = "YES"
            buildForRunning = "YES"
            buildForProfiling = "YES"
            buildForArchiving = "YES"
            buildForAnalyzing = "YES">
            <BuildableReference
               BuildableIdentifier = "primary"
               BlueprintIdentifier = "CB4CE5083ACF4EE5DCEA043E"
               BuildableName = "SwiftParser.framework"
               BlueprintName = "SwiftParser"
               ReferencedContainer = "container:.build/tuist-derived/swift-syntax/swift-syntax.xcodeproj">
            </BuildableReference>
         </BuildActionEntry>
         <BuildActionEntry
            buildForTesting = "YES"
            buildForRunning = "YES"
            buildForProfiling = "YES"
            buildForArchiving = "YES"
            buildForAnalyzing = "YES">
            <BuildableReference
               BuildableIdentifier = "primary"
               BlueprintIdentifier = "DF2FC39D6DEDC29667D46596"
               BuildableName = "SwiftParserDiagnostics.framework"
               BlueprintName = "SwiftParserDiagnostics"
               ReferencedContainer = "container:.build/tuist-derived/swift-syntax/swift-syntax.xcodeproj">
            </BuildableReference>
         </BuildActionEntry>
         <BuildActionEntry
            buildForTesting = "YES"
            buildForRunning = "YES"
            buildForProfiling = "YES"
            buildForArchiving = "YES"
            buildForAnalyzing = "YES">
            <BuildableReference
               BuildableIdentifier = "primary"
               BlueprintIdentifier = "F625BBB9CD69788B960E4ADB"
               BuildableName = "SwiftSyntax.framework"
               BlueprintName = "SwiftSyntax"
               ReferencedContainer = "container:.build/tuist-derived/swift-syntax/swift-syntax.xcodeproj">
            </BuildableReference>
         </BuildActionEntry>
         <BuildActionEntry
            buildForTesting = "YES"
            buildForRunning = "YES"
            buildForProfiling = "YES"
            buildForArchiving = "YES"
            buildForAnalyzing = "YES">
            <BuildableReference
               BuildableIdentifier = "primary"
               BlueprintIdentifier = "B0A8CAFAE3CA114D679D02CD"
               BuildableName = "SwiftSyntax509.framework"
               BlueprintName = "SwiftSyntax509"
               ReferencedContainer = "container:.build/tuist-derived/swift-syntax/swift-syntax.xcodeproj">
            </BuildableReference>
         </BuildActionEntry>
         <BuildActionEntry
            buildForTesting = "YES"
            buildForRunning = "YES"
            buildForProfiling = "YES"
            buildForArchiving = "YES"
            buildForAnalyzing = "YES">
            <BuildableReference
               BuildableIdentifier = "primary"
               BlueprintIdentifier = "6B23134A13672C26A2911FCE"
               BuildableName = "SwiftSyntaxBuilder.framework"
               BlueprintName = "SwiftSyntaxBuilder"
               ReferencedContainer = "container:.build/tuist-derived/swift-syntax/swift-syntax.xcodeproj">
            </BuildableReference>
         </BuildActionEntry>
         <BuildActionEntry
            buildForTesting = "YES"
            buildForRunning = "YES"
            buildForProfiling = "YES"
            buildForArchiving = "YES"
            buildForAnalyzing = "YES">
            <BuildableReference
               BuildableIdentifier = "primary"
               BlueprintIdentifier = "43F82D27B454B21563A235E0"
               BuildableName = "SwiftSyntaxMacroExpansion.framework"
               BlueprintName = "SwiftSyntaxMacroExpansion"
               ReferencedContainer = "container:.build/tuist-derived/swift-syntax/swift-syntax.xcodeproj">
            </BuildableReference>
         </BuildActionEntry>
         <BuildActionEntry
            buildForTesting = "YES"
            buildForRunning = "YES"
            buildForProfiling = "YES"
            buildForArchiving = "YES"
            buildForAnalyzing = "YES">
            <BuildableReference
               BuildableIdentifier = "primary"
               BlueprintIdentifier = "66BC27FFC6C6DA572EEAEC5C"
               BuildableName = "SwiftSyntaxMacros.framework"
               BlueprintName = "SwiftSyntaxMacros"
               ReferencedContainer = "container:.build/tuist-derived/swift-syntax/swift-syntax.xcodeproj">
            </BuildableReference>
         </BuildActionEntry>
         <BuildActionEntry
            buildForTesting = "YES"
            buildForRunning = "YES"
            buildForProfiling = "YES"
            buildForArchiving = "YES"
            buildForAnalyzing = "YES">
            <BuildableReference
               BuildableIdentifier = "primary"
               BlueprintIdentifier = "1E1BEF9F3C28FB737CD74F83"
               BuildableName = "SwiftUINavigationCore.framework"
               BlueprintName = "SwiftUINavigationCore"
               ReferencedContainer = "container:.build/tuist-derived/swiftui-navigation/swiftui-navigation.xcodeproj">
            </BuildableReference>
         </BuildActionEntry>
         <BuildActionEntry
            buildForTesting = "YES"
            buildForRunning = "YES"
            buildForProfiling = "YES"
            buildForArchiving = "YES"
            buildForAnalyzing = "YES">
            <BuildableReference
               BuildableIdentifier = "primary"
               BlueprintIdentifier = "589345361EDD5EBC786D0C14"
               BuildableName = "Swinject.framework"
               BlueprintName = "Swinject"
               ReferencedContainer = "container:.build/tuist-derived/Swinject/Swinject.xcodeproj">
            </BuildableReference>
         </BuildActionEntry>
         <BuildActionEntry
            buildForTesting = "YES"
            buildForRunning = "YES"
            buildForProfiling = "YES"
            buildForArchiving = "YES"
            buildForAnalyzing = "YES">
            <BuildableReference
               BuildableIdentifier = "primary"
               BlueprintIdentifier = "6D1BFFAE456610AE81A4206D"
               BuildableName = "XCTestDynamicOverlay.framework"
               BlueprintName = "XCTestDynamicOverlay"
               ReferencedContainer = "container:.build/tuist-derived/xctest-dynamic-overlay/xctest-dynamic-overlay.xcodeproj">
            </BuildableReference>
         </BuildActionEntry>
      </BuildActionEntries>
   </BuildAction>
   <TestAction
      buildConfiguration = "DEV"
      selectedDebuggerIdentifier = "Xcode.DebuggerFoundation.Debugger.LLDB"
      selectedLauncherIdentifier = "Xcode.DebuggerFoundation.Launcher.LLDB"
      shouldUseLaunchSchemeArgsEnv = "YES">
      <Testables>
         <TestableReference
            skipped = "NO"
            parallelizable = "NO">
            <BuildableReference
               BuildableIdentifier = "primary"
               BlueprintIdentifier = "B7B2333D49E28B4208C0AC2F"
               BuildableName = "AlbumDetailFeatureTests.xctest"
               BlueprintName = "AlbumDetailFeatureTests"
               ReferencedContainer = "container:Projects/Feature/AlbumDetailFeature/AlbumDetailFeature.xcodeproj">
            </BuildableReference>
         </TestableReference>
         <TestableReference
            skipped = "NO"
            parallelizable = "NO">
            <BuildableReference
               BuildableIdentifier = "primary"
               BlueprintIdentifier = "DF4769619460A7F2401E369A"
               BuildableName = "AlbumsFeatureTests.xctest"
               BlueprintName = "AlbumsFeatureTests"
               ReferencedContainer = "container:Projects/Feature/AlbumsFeature/AlbumsFeature.xcodeproj">
            </BuildableReference>
         </TestableReference>
         <TestableReference
            skipped = "NO"
            parallelizable = "NO">
            <BuildableReference
               BuildableIdentifier = "primary"
               BlueprintIdentifier = "0FEFEAAB06885A67C6A5580A"
               BuildableName = "BaseFeatureTests.xctest"
               BlueprintName = "BaseFeatureTests"
               ReferencedContainer = "container:Projects/Feature/BaseFeature/BaseFeature.xcodeproj">
            </BuildableReference>
         </TestableReference>
         <TestableReference
            skipped = "NO"
            parallelizable = "NO">
            <BuildableReference
               BuildableIdentifier = "primary"
               BlueprintIdentifier = "9A28F79429EBABEFB024D308"
               BuildableName = "MusicDomainTests.xctest"
               BlueprintName = "MusicDomainTests"
               ReferencedContainer = "container:Projects/Domain/MusicDomain/MusicDomain.xcodeproj">
            </BuildableReference>
         </TestableReference>
         <TestableReference
            skipped = "NO"
            parallelizable = "NO">
            <BuildableReference
               BuildableIdentifier = "primary"
               BlueprintIdentifier = "C6E5DC234C7EEED90616C370"
               BuildableName = "PlayerDomainTests.xctest"
               BlueprintName = "PlayerDomainTests"
               ReferencedContainer = "container:Projects/Domain/PlayerDomain/PlayerDomain.xcodeproj">
            </BuildableReference>
         </TestableReference>
      </Testables>
   </TestAction>
   <LaunchAction
      buildConfiguration = "DEV"
      selectedDebuggerIdentifier = "Xcode.DebuggerFoundation.Debugger.LLDB"
      selectedLauncherIdentifier = "Xcode.DebuggerFoundation.Launcher.LLDB"
      launchStyle = "0"
      useCustomWorkingDirectory = "NO"
      ignoresPersistentStateOnLaunch = "NO"
      debugDocumentVersioning = "YES"
      debugServiceExtension = "internal"
      allowLocationSimulation = "YES">
      <MacroExpansion>
         <BuildableReference
            BuildableIdentifier = "primary"
            BlueprintIdentifier = "DC77BAB6111F13B1BAB2A74A"
            BuildableName = "libAlbumDetailFeature.a"
            BlueprintName = "AlbumDetailFeature"
            ReferencedContainer = "container:Projects/Feature/AlbumDetailFeature/AlbumDetailFeature.xcodeproj">
         </BuildableReference>
      </MacroExpansion>
   </LaunchAction>
   <ProfileAction
      buildConfiguration = "PROD"
      shouldUseLaunchSchemeArgsEnv = "YES"
      savedToolIdentifier = ""
      useCustomWorkingDirectory = "NO"
      debugDocumentVersioning = "YES">
      <MacroExpansion>
         <BuildableReference
            BuildableIdentifier = "primary"
            BlueprintIdentifier = "DC77BAB6111F13B1BAB2A74A"
            BuildableName = "libAlbumDetailFeature.a"
            BlueprintName = "AlbumDetailFeature"
            ReferencedContainer = "container:Projects/Feature/AlbumDetailFeature/AlbumDetailFeature.xcodeproj">
         </BuildableReference>
      </MacroExpansion>
   </ProfileAction>
   <AnalyzeAction
      buildConfiguration = "DEV">
   </AnalyzeAction>
   <ArchiveAction
      buildConfiguration = "PROD"
      revealArchiveInOrganizer = "YES">
   </ArchiveAction>
</Scheme>
